// !$*UTF8*$!
{
	archiveVersion = 1;
	classes = {
	};
	objectVersion = 46;
	objects = {

/* Begin PBXBuildFile section */
		6E7D0CCD1E19D9D1000CD74B /* AppDelegate.swift in Sources */ = {isa = PBXBuildFile; fileRef = 6E7D0CCC1E19D9D1000CD74B /* AppDelegate.swift */; };
		6E7D0CCF1E19D9D1000CD74B /* ViewController.swift in Sources */ = {isa = PBXBuildFile; fileRef = 6E7D0CCE1E19D9D1000CD74B /* ViewController.swift */; };
		6E7D0CD21E19D9D1000CD74B /* Main.storyboard in Resources */ = {isa = PBXBuildFile; fileRef = 6E7D0CD01E19D9D1000CD74B /* Main.storyboard */; };
		6E7D0CD41E19D9D1000CD74B /* Assets.xcassets in Resources */ = {isa = PBXBuildFile; fileRef = 6E7D0CD31E19D9D1000CD74B /* Assets.xcassets */; };
		6E7D0CD71E19D9D1000CD74B /* LaunchScreen.storyboard in Resources */ = {isa = PBXBuildFile; fileRef = 6E7D0CD51E19D9D1000CD74B /* LaunchScreen.storyboard */; };
		6E7D0CE21E19D9D1000CD74B /* Find_User_LocationTests.swift in Sources */ = {isa = PBXBuildFile; fileRef = 6E7D0CE11E19D9D1000CD74B /* Find_User_LocationTests.swift */; };
		6E7D0CED1E19D9D1000CD74B /* Find_User_LocationUITests.swift in Sources */ = {isa = PBXBuildFile; fileRef = 6E7D0CEC1E19D9D1000CD74B /* Find_User_LocationUITests.swift */; };
/* End PBXBuildFile section */

/* Begin PBXContainerItemProxy section */
		6E7D0CDE1E19D9D1000CD74B /* PBXContainerItemProxy */ = {
			isa = PBXContainerItemProxy;
			containerPortal = 6E7D0CC11E19D9D1000CD74B /* Project object */;
			proxyType = 1;
			remoteGlobalIDString = 6E7D0CC81E19D9D1000CD74B;
			remoteInfo = "Find User Location";
		};
		6E7D0CE91E19D9D1000CD74B /* PBXContainerItemProxy */ = {
			isa = PBXContainerItemProxy;
			containerPortal = 6E7D0CC11E19D9D1000CD74B /* Project object */;
			proxyType = 1;
			remoteGlobalIDString = 6E7D0CC81E19D9D1000CD74B;
			remoteInfo = "Find User Location";
		};
/* End PBXContainerItemProxy section */

/* Begin PBXFileReference section */
		6E7D0CC91E19D9D1000CD74B /* Find User Location.app */ = {isa = PBXFileReference; explicitFileType = wrapper.application; includeInIndex = 0; path = "Find User Location.app"; sourceTree = BUILT_PRODUCTS_DIR; };
		6E7D0CCC1E19D9D1000CD74B /* AppDelegate.swift */ = {isa = PBXFileReference; lastKnownFileType = sourcecode.swift; path = AppDelegate.swift; sourceTree = "<group>"; };
		6E7D0CCE1E19D9D1000CD74B /* ViewController.swift */ = {isa = PBXFileReference; lastKnownFileType = sourcecode.swift; path = ViewController.swift; sourceTree = "<group>"; };
		6E7D0CD11E19D9D1000CD74B /* Base */ = {isa = PBXFileReference; lastKnownFileType = file.storyboard; name = Base; path = Base.lproj/Main.storyboard; sourceTree = "<group>"; };
		6E7D0CD31E19D9D1000CD74B /* Assets.xcassets */ = {isa = PBXFileReference; lastKnownFileType = folder.assetcatalog; path = Assets.xcassets; sourceTree = "<group>"; };
		6E7D0CD61E19D9D1000CD74B /* Base */ = {isa = PBXFileReference; lastKnownFileType = file.storyboard; name = Base; path = Base.lproj/LaunchScreen.storyboard; sourceTree = "<group>"; };
		6E7D0CD81E19D9D1000CD74B /* Info.plist */ = {isa = PBXFileReference; lastKnownFileType = text.plist.xml; path = Info.plist; sourceTree = "<group>"; };
		6E7D0CDD1E19D9D1000CD74B /* Find User LocationTests.xctest */ = {isa = PBXFileReference; explicitFileType = wrapper.cfbundle; includeInIndex = 0; path = "Find User LocationTests.xctest"; sourceTree = BUILT_PRODUCTS_DIR; };
		6E7D0CE11E19D9D1000CD74B /* Find_User_LocationTests.swift */ = {isa = PBXFileReference; lastKnownFileType = sourcecode.swift; path = Find_User_LocationTests.swift; sourceTree = "<group>"; };
		6E7D0CE31E19D9D1000CD74B /* Info.plist */ = {isa = PBXFileReference; lastKnownFileType = text.plist.xml; path = Info.plist; sourceTree = "<group>"; };
		6E7D0CE81E19D9D1000CD74B /* Find User LocationUITests.xctest */ = {isa = PBXFileReference; explicitFileType = wrapper.cfbundle; includeInIndex = 0; path = "Find User LocationUITests.xctest"; sourceTree = BUILT_PRODUCTS_DIR; };
		6E7D0CEC1E19D9D1000CD74B /* Find_User_LocationUITests.swift */ = {isa = PBXFileReference; lastKnownFileType = sourcecode.swift; path = Find_User_LocationUITests.swift; sourceTree = "<group>"; };
		6E7D0CEE1E19D9D1000CD74B /* Info.plist */ = {isa = PBXFileReference; lastKnownFileType = text.plist.xml; path = Info.plist; sourceTree = "<group>"; };
/* End PBXFileReference section */

/* Begin PBXFrameworksBuildPhase section */
		6E7D0CC61E19D9D1000CD74B /* Frameworks */ = {
			isa = PBXFrameworksBuildPhase;
			buildActionMask = 2147483647;
			files = (
			);
			runOnlyForDeploymentPostprocessing = 0;
		};
		6E7D0CDA1E19D9D1000CD74B /* Frameworks */ = {
			isa = PBXFrameworksBuildPhase;
			buildActionMask = 2147483647;
			files = (
			);
			runOnlyForDeploymentPostprocessing = 0;
		};
		6E7D0CE51E19D9D1000CD74B /* Frameworks */ = {
			isa = PBXFrameworksBuildPhase;
			buildActionMask = 2147483647;
			files = (
			);
			runOnlyForDeploymentPostprocessing = 0;
		};
/* End PBXFrameworksBuildPhase section */

/* Begin PBXGroup section */
		6E7D0CC01E19D9D1000CD74B = {
			isa = PBXGroup;
			children = (
				6E7D0CCB1E19D9D1000CD74B /* Find User Location */,
				6E7D0CE01E19D9D1000CD74B /* Find User LocationTests */,
				6E7D0CEB1E19D9D1000CD74B /* Find User LocationUITests */,
				6E7D0CCA1E19D9D1000CD74B /* Products */,
			);
			sourceTree = "<group>";
		};
		6E7D0CCA1E19D9D1000CD74B /* Products */ = {
			isa = PBXGroup;
			children = (
				6E7D0CC91E19D9D1000CD74B /* Find User Location.app */,
				6E7D0CDD1E19D9D1000CD74B /* Find User LocationTests.xctest */,
				6E7D0CE81E19D9D1000CD74B /* Find User LocationUITests.xctest */,
			);
			name = Products;
			sourceTree = "<group>";
		};
		6E7D0CCB1E19D9D1000CD74B /* Find User Location */ = {
			isa = PBXGroup;
			children = (
				6E7D0CCC1E19D9D1000CD74B /* AppDelegate.swift */,
				6E7D0CCE1E19D9D1000CD74B /* ViewController.swift */,
				6E7D0CD01E19D9D1000CD74B /* Main.storyboard */,
				6E7D0CD31E19D9D1000CD74B /* Assets.xcassets */,
				6E7D0CD51E19D9D1000CD74B /* LaunchScreen.storyboard */,
				6E7D0CD81E19D9D1000CD74B /* Info.plist */,
			);
			path = "Find User Location";
			sourceTree = "<group>";
		};
		6E7D0CE01E19D9D1000CD74B /* Find User LocationTests */ = {
			isa = PBXGroup;
			children = (
				6E7D0CE11E19D9D1000CD74B /* Find_User_LocationTests.swift */,
				6E7D0CE31E19D9D1000CD74B /* Info.plist */,
			);
			path = "Find User LocationTests";
			sourceTree = "<group>";
		};
		6E7D0CEB1E19D9D1000CD74B /* Find User LocationUITests */ = {
			isa = PBXGroup;
			children = (
				6E7D0CEC1E19D9D1000CD74B /* Find_User_LocationUITests.swift */,
				6E7D0CEE1E19D9D1000CD74B /* Info.plist */,
			);
			path = "Find User LocationUITests";
			sourceTree = "<group>";
		};
/* End PBXGroup section */

/* Begin PBXNativeTarget section */
		6E7D0CC81E19D9D1000CD74B /* Find User Location */ = {
			isa = PBXNativeTarget;
			buildConfigurationList = 6E7D0CF11E19D9D1000CD74B /* Build configuration list for PBXNativeTarget "Find User Location" */;
			buildPhases = (
				6E7D0CC51E19D9D1000CD74B /* Sources */,
				6E7D0CC61E19D9D1000CD74B /* Frameworks */,
				6E7D0CC71E19D9D1000CD74B /* Resources */,
			);
			buildRules = (
			);
			dependencies = (
			);
			name = "Find User Location";
			productName = "Find User Location";
			productReference = 6E7D0CC91E19D9D1000CD74B /* Find User Location.app */;
			productType = "com.apple.product-type.application";
		};
		6E7D0CDC1E19D9D1000CD74B /* Find User LocationTests */ = {
			isa = PBXNativeTarget;
			buildConfigurationList = 6E7D0CF41E19D9D1000CD74B /* Build configuration list for PBXNativeTarget "Find User LocationTests" */;
			buildPhases = (
				6E7D0CD91E19D9D1000CD74B /* Sources */,
				6E7D0CDA1E19D9D1000CD74B /* Frameworks */,
				6E7D0CDB1E19D9D1000CD74B /* Resources */,
			);
			buildRules = (
			);
			dependencies = (
				6E7D0CDF1E19D9D1000CD74B /* PBXTargetDependency */,
			);
			name = "Find User LocationTests";
			productName = "Find User LocationTests";
			productReference = 6E7D0CDD1E19D9D1000CD74B /* Find User LocationTests.xctest */;
			productType = "com.apple.product-type.bundle.unit-test";
		};
		6E7D0CE71E19D9D1000CD74B /* Find User LocationUITests */ = {
			isa = PBXNativeTarget;
			buildConfigurationList = 6E7D0CF71E19D9D1000CD74B /* Build configuration list for PBXNativeTarget "Find User LocationUITests" */;
			buildPhases = (
				6E7D0CE41E19D9D1000CD74B /* Sources */,
				6E7D0CE51E19D9D1000CD74B /* Frameworks */,
				6E7D0CE61E19D9D1000CD74B /* Resources */,
			);
			buildRules = (
			);
			dependencies = (
				6E7D0CEA1E19D9D1000CD74B /* PBXTargetDependency */,
			);
			name = "Find User LocationUITests";
			productName = "Find User LocationUITests";
			productReference = 6E7D0CE81E19D9D1000CD74B /* Find User LocationUITests.xctest */;
			productType = "com.apple.product-type.bundle.ui-testing";
		};
/* End PBXNativeTarget section */

/* Begin PBXProject section */
		6E7D0CC11E19D9D1000CD74B /* Project object */ = {
			isa = PBXProject;
			attributes = {
				LastSwiftUpdateCheck = 0820;
				LastUpgradeCheck = 0820;
				ORGANIZATIONNAME = "Jake Vo";
				TargetAttributes = {
					6E7D0CC81E19D9D1000CD74B = {
						CreatedOnToolsVersion = 8.2.1;
						DevelopmentTeam = YXRDGGLHC4;
						ProvisioningStyle = Automatic;
					};
					6E7D0CDC1E19D9D1000CD74B = {
						CreatedOnToolsVersion = 8.2.1;
						DevelopmentTeam = YXRDGGLHC4;
						ProvisioningStyle = Automatic;
						TestTargetID = 6E7D0CC81E19D9D1000CD74B;
					};
					6E7D0CE71E19D9D1000CD74B = {
						CreatedOnToolsVersion = 8.2.1;
						DevelopmentTeam = YXRDGGLHC4;
						ProvisioningStyle = Automatic;
						TestTargetID = 6E7D0CC81E19D9D1000CD74B;
					};
				};
			};
			buildConfigurationList = 6E7D0CC41E19D9D1000CD74B /* Build configuration list for PBXProject "Find User Location" */;
			compatibilityVersion = "Xcode 3.2";
			developmentRegion = English;
			hasScannedForEncodings = 0;
			knownRegions = (
				en,
				Base,
			);
			mainGroup = 6E7D0CC01E19D9D1000CD74B;
			productRefGroup = 6E7D0CCA1E19D9D1000CD74B /* Products */;
			projectDirPath = "";
			projectRoot = "";
			targets = (
				6E7D0CC81E19D9D1000CD74B /* Find User Location */,
				6E7D0CDC1E19D9D1000CD74B /* Find User LocationTests */,
				6E7D0CE71E19D9D1000CD74B /* Find User LocationUITests */,
			);
		};
/* End PBXProject section */

/* Begin PBXResourcesBuildPhase section */
		6E7D0CC71E19D9D1000CD74B /* Resources */ = {
			isa = PBXResourcesBuildPhase;
			buildActionMask = 2147483647;
			files = (
				6E7D0CD71E19D9D1000CD74B /* LaunchScreen.storyboard in Resources */,
				6E7D0CD41E19D9D1000CD74B /* Assets.xcassets in Resources */,
				6E7D0CD21E19D9D1000CD74B /* Main.storyboard in Resources */,
			);
			runOnlyForDeploymentPostprocessing = 0;
		};
		6E7D0CDB1E19D9D1000CD74B /* Resources */ = {
			isa = PBXResourcesBuildPhase;
			buildActionMask = 2147483647;
			files = (
			);
			runOnlyForDeploymentPostprocessing = 0;
		};
		6E7D0CE61E19D9D1000CD74B /* Resources */ = {
			isa = PBXResourcesBuildPhase;
			buildActionMask = 2147483647;
			files = (
			);
			runOnlyForDeploymentPostprocessing = 0;
		};
/* End PBXResourcesBuildPhase section */

/* Begin PBXSourcesBuildPhase section */
		6E7D0CC51E19D9D1000CD74B /* Sources */ = {
			isa = PBXSourcesBuildPhase;
			buildActionMask = 2147483647;
			files = (
				6E7D0CCF1E19D9D1000CD74B /* ViewController.swift in Sources */,
				6E7D0CCD1E19D9D1000CD74B /* AppDelegate.swift in Sources */,
			);
			runOnlyForDeploymentPostprocessing = 0;
		};
		6E7D0CD91E19D9D1000CD74B /* Sources */ = {
			isa = PBXSourcesBuildPhase;
			buildActionMask = 2147483647;
			files = (
				6E7D0CE21E19D9D1000CD74B /* Find_User_LocationTests.swift in Sources */,
			);
			runOnlyForDeploymentPostprocessing = 0;
		};
		6E7D0CE41E19D9D1000CD74B /* Sources */ = {
			isa = PBXSourcesBuildPhase;
			buildActionMask = 2147483647;
			files = (
				6E7D0CED1E19D9D1000CD74B /* Find_User_LocationUITests.swift in Sources */,
			);
			runOnlyForDeploymentPostprocessing = 0;
		};
/* End PBXSourcesBuildPhase section */

/* Begin PBXTargetDependency section */
		6E7D0CDF1E19D9D1000CD74B /* PBXTargetDependency */ = {
			isa = PBXTargetDependency;
			target = 6E7D0CC81E19D9D1000CD74B /* Find User Location */;
			targetProxy = 6E7D0CDE1E19D9D1000CD74B /* PBXContainerItemProxy */;
		};
		6E7D0CEA1E19D9D1000CD74B /* PBXTargetDependency */ = {
			isa = PBXTargetDependency;
			target = 6E7D0CC81E19D9D1000CD74B /* Find User Location */;
			targetProxy = 6E7D0CE91E19D9D1000CD74B /* PBXContainerItemProxy */;
		};
/* End PBXTargetDependency section */

/* Begin PBXVariantGroup section */
		6E7D0CD01E19D9D1000CD74B /* Main.storyboard */ = {
			isa = PBXVariantGroup;
			children = (
				6E7D0CD11E19D9D1000CD74B /* Base */,
			);
			name = Main.storyboard;
			sourceTree = "<group>";
		};
		6E7D0CD51E19D9D1000CD74B /* LaunchScreen.storyboard */ = {
			isa = PBXVariantGroup;
			children = (
				6E7D0CD61E19D9D1000CD74B /* Base */,
			);
			name = LaunchScreen.storyboard;
			sourceTree = "<group>";
		};
/* End PBXVariantGroup section */

/* Begin XCBuildConfiguration section */
		6E7D0CEF1E19D9D1000CD74B /* Debug */ = {
			isa = XCBuildConfiguration;
			buildSettings = {
				ALWAYS_SEARCH_USER_PATHS = NO;
				CLANG_ANALYZER_NONNULL = YES;
				CLANG_CXX_LANGUAGE_STANDARD = "gnu++0x";
				CLANG_CXX_LIBRARY = "libc++";
				CLANG_ENABLE_MODULES = YES;
				CLANG_ENABLE_OBJC_ARC = YES;
				CLANG_WARN_BOOL_CONVERSION = YES;
				CLANG_WARN_CONSTANT_CONVERSION = YES;
				CLANG_WARN_DIRECT_OBJC_ISA_USAGE = YES_ERROR;
				CLANG_WARN_DOCUMENTATION_COMMENTS = YES;
				CLANG_WARN_EMPTY_BODY = YES;
				CLANG_WARN_ENUM_CONVERSION = YES;
				CLANG_WARN_INFINITE_RECURSION = YES;
				CLANG_WARN_INT_CONVERSION = YES;
				CLANG_WARN_OBJC_ROOT_CLASS = YES_ERROR;
				CLANG_WARN_SUSPICIOUS_MOVE = YES;
				CLANG_WARN_UNREACHABLE_CODE = YES;
				CLANG_WARN__DUPLICATE_METHOD_MATCH = YES;
				"CODE_SIGN_IDENTITY[sdk=iphoneos*]" = "iPhone Developer";
				COPY_PHASE_STRIP = NO;
				DEBUG_INFORMATION_FORMAT = dwarf;
				ENABLE_STRICT_OBJC_MSGSEND = YES;
				ENABLE_TESTABILITY = YES;
				GCC_C_LANGUAGE_STANDARD = gnu99;
				GCC_DYNAMIC_NO_PIC = NO;
				GCC_NO_COMMON_BLOCKS = YES;
				GCC_OPTIMIZATION_LEVEL = 0;
				GCC_PREPROCESSOR_DEFINITIONS = (
					"DEBUG=1",
					"$(inherited)",
				);
				GCC_WARN_64_TO_32_BIT_CONVERSION = YES;
				GCC_WARN_ABOUT_RETURN_TYPE = YES_ERROR;
				GCC_WARN_UNDECLARED_SELECTOR = YES;
				GCC_WARN_UNINITIALIZED_AUTOS = YES_AGGRESSIVE;
				GCC_WARN_UNUSED_FUNCTION = YES;
				GCC_WARN_UNUSED_VARIABLE = YES;
				IPHONEOS_DEPLOYMENT_TARGET = 10.2;
				MTL_ENABLE_DEBUG_INFO = YES;
				ONLY_ACTIVE_ARCH = YES;
				SDKROOT = iphoneos;
				SWIFT_ACTIVE_COMPILATION_CONDITIONS = DEBUG;
				SWIFT_OPTIMIZATION_LEVEL = "-Onone";
				TARGETED_DEVICE_FAMILY = "1,2";
			};
			name = Debug;
		};
		6E7D0CF01E19D9D1000CD74B /* Release */ = {
			isa = XCBuildConfiguration;
			buildSettings = {
				ALWAYS_SEARCH_USER_PATHS = NO;
				CLANG_ANALYZER_NONNULL = YES;
				CLANG_CXX_LANGUAGE_STANDARD = "gnu++0x";
				CLANG_CXX_LIBRARY = "libc++";
				CLANG_ENABLE_MODULES = YES;
				CLANG_ENABLE_OBJC_ARC = YES;
				CLANG_WARN_BOOL_CONVERSION = YES;
				CLANG_WARN_CONSTANT_CONVERSION = YES;
				CLANG_WARN_DIRECT_OBJC_ISA_USAGE = YES_ERROR;
				CLANG_WARN_DOCUMENTATION_COMMENTS = YES;
				CLANG_WARN_EMPTY_BODY = YES;
				CLANG_WARN_ENUM_CONVERSION = YES;
				CLANG_WARN_INFINITE_RECURSION = YES;
				CLANG_WARN_INT_CONVERSION = YES;
				CLANG_WARN_OBJC_ROOT_CLASS = YES_ERROR;
				CLANG_WARN_SUSPICIOUS_MOVE = YES;
				CLANG_WARN_UNREACHABLE_CODE = YES;
				CLANG_WARN__DUPLICATE_METHOD_MATCH = YES;
				"CODE_SIGN_IDENTITY[sdk=iphoneos*]" = "iPhone Developer";
				COPY_PHASE_STRIP = NO;
				DEBUG_INFORMATION_FORMAT = "dwarf-with-dsym";
				ENABLE_NS_ASSERTIONS = NO;
				ENABLE_STRICT_OBJC_MSGSEND = YES;
				GCC_C_LANGUAGE_STANDARD = gnu99;
				GCC_NO_COMMON_BLOCKS = YES;
				GCC_WARN_64_TO_32_BIT_CONVERSION = YES;
				GCC_WARN_ABOUT_RETURN_TYPE = YES_ERROR;
				GCC_WARN_UNDECLARED_SELECTOR = YES;
				GCC_WARN_UNINITIALIZED_AUTOS = YES_AGGRESSIVE;
				GCC_WARN_UNUSED_FUNCTION = YES;
				GCC_WARN_UNUSED_VARIABLE = YES;
				IPHONEOS_DEPLOYMENT_TARGET = 10.2;
				MTL_ENABLE_DEBUG_INFO = NO;
				SDKROOT = iphoneos;
				SWIFT_OPTIMIZATION_LEVEL = "-Owholemodule";
				TARGETED_DEVICE_FAMILY = "1,2";
				VALIDATE_PRODUCT = YES;
			};
			name = Release;
		};
		6E7D0CF21E19D9D1000CD74B /* Debug */ = {
			isa = XCBuildConfiguration;
			buildSettings = {
				ASSETCATALOG_COMPILER_APPICON_NAME = AppIcon;
				DEVELOPMENT_TEAM = YXRDGGLHC4;
				INFOPLIST_FILE = "Find User Location/Info.plist";
				LD_RUNPATH_SEARCH_PATHS = "$(inherited) @executable_path/Frameworks";
				PRODUCT_BUNDLE_IDENTIFIER = "com.codepath.Find-User-Location";
				PRODUCT_NAME = "$(TARGET_NAME)";
				SWIFT_VERSION = 3.0;
			};
			name = Debug;
		};
		6E7D0CF31E19D9D1000CD74B /* Release */ = {
			isa = XCBuildConfiguration;
			buildSettings = {
				ASSETCATALOG_COMPILER_APPICON_NAME = AppIcon;
				DEVELOPMENT_TEAM = YXRDGGLHC4;
				INFOPLIST_FILE = "Find User Location/Info.plist";
				LD_RUNPATH_SEARCH_PATHS = "$(inherited) @executable_path/Frameworks";
				PRODUCT_BUNDLE_IDENTIFIER = "com.codepath.Find-User-Location";
				PRODUCT_NAME = "$(TARGET_NAME)";
				SWIFT_VERSION = 3.0;
			};
			name = Release;
		};
		6E7D0CF51E19D9D1000CD74B /* Debug */ = {
			isa = XCBuildConfiguration;
			buildSettings = {
				ALWAYS_EMBED_SWIFT_STANDARD_LIBRARIES = YES;
				BUNDLE_LOADER = "$(TEST_HOST)";
				DEVELOPMENT_TEAM = YXRDGGLHC4;
				INFOPLIST_FILE = "Find User LocationTests/Info.plist";
				LD_RUNPATH_SEARCH_PATHS = "$(inherited) @executable_path/Frameworks @loader_path/Frameworks";
				PRODUCT_BUNDLE_IDENTIFIER = "com.codepath.Find-User-LocationTests";
				PRODUCT_NAME = "$(TARGET_NAME)";
				SWIFT_VERSION = 3.0;
				TEST_HOST = "$(BUILT_PRODUCTS_DIR)/Find User Location.app/Find User Location";
			};
			name = Debug;
		};
		6E7D0CF61E19D9D1000CD74B /* Release */ = {
			isa = XCBuildConfiguration;
			buildSettings = {
				ALWAYS_EMBED_SWIFT_STANDARD_LIBRARIES = YES;
				BUNDLE_LOADER = "$(TEST_HOST)";
				DEVELOPMENT_TEAM = YXRDGGLHC4;
				INFOPLIST_FILE = "Find User LocationTests/Info.plist";
				LD_RUNPATH_SEARCH_PATHS = "$(inherited) @executable_path/Frameworks @loader_path/Frameworks";
				PRODUCT_BUNDLE_IDENTIFIER = "com.codepath.Find-User-LocationTests";
				PRODUCT_NAME = "$(TARGET_NAME)";
				SWIFT_VERSION = 3.0;
				TEST_HOST = "$(BUILT_PRODUCTS_DIR)/Find User Location.app/Find User Location";
			};
			name = Release;
		};
		6E7D0CF81E19D9D1000CD74B /* Debug */ = {
			isa = XCBuildConfiguration;
			buildSettings = {
				ALWAYS_EMBED_SWIFT_STANDARD_LIBRARIES = YES;
				DEVELOPMENT_TEAM = YXRDGGLHC4;
				INFOPLIST_FILE = "Find User LocationUITests/Info.plist";
				LD_RUNPATH_SEARCH_PATHS = "$(inherited) @executable_path/Frameworks @loader_path/Frameworks";
				PRODUCT_BUNDLE_IDENTIFIER = "com.codepath.Find-User-LocationUITests";
				PRODUCT_NAME = "$(TARGET_NAME)";
				SWIFT_VERSION = 3.0;
				TEST_TARGET_NAME = "Find User Location";
			};
			name = Debug;
		};
		6E7D0CF91E19D9D1000CD74B /* Release */ = {
			isa = XCBuildConfiguration;
			buildSettings = {
				ALWAYS_EMBED_SWIFT_STANDARD_LIBRARIES = YES;
				DEVELOPMENT_TEAM = YXRDGGLHC4;
				INFOPLIST_FILE = "Find User LocationUITests/Info.plist";
				LD_RUNPATH_SEARCH_PATHS = "$(inherited) @executable_path/Frameworks @loader_path/Frameworks";
				PRODUCT_BUNDLE_IDENTIFIER = "com.codepath.Find-User-LocationUITests";
				PRODUCT_NAME = "$(TARGET_NAME)";
				SWIFT_VERSION = 3.0;
				TEST_TARGET_NAME = "Find User Location";
			};
			name = Release;
		};
/* End XCBuildConfiguration section */

/* Begin XCConfigurationList section */
		6E7D0CC41E19D9D1000CD74B /* Build configuration list for PBXProject "Find User Location" */ = {
			isa = XCConfigurationList;
			buildConfigurations = (
				6E7D0CEF1E19D9D1000CD74B /* Debug */,
				6E7D0CF01E19D9D1000CD74B /* Release */,
			);
			defaultConfigurationIsVisible = 0;
			defaultConfigurationName = Release;
		};
		6E7D0CF11E19D9D1000CD74B /* Build configuration list for PBXNativeTarget "Find User Location" */ = {
			isa = XCConfigurationList;
			buildConfigurations = (
				6E7D0CF21E19D9D1000CD74B /* Debug */,
				6E7D0CF31E19D9D1000CD74B /* Release */,
			);
			defaultConfigurationIsVisible = 0;
		};
		6E7D0CF41E19D9D1000CD74B /* Build configuration list for PBXNativeTarget "Find User LocationTests" */ = {
			isa = XCConfigurationList;
			buildConfigurations = (
				6E7D0CF51E19D9D1000CD74B /* Debug */,
				6E7D0CF61E19D9D1000CD74B /* Release */,
			);
			defaultConfigurationIsVisible = 0;
		};
		6E7D0CF71E19D9D1000CD74B /* Build configuration list for PBXNativeTarget "Find User LocationUITests" */ = {
			isa = XCConfigurationList;
			buildConfigurations = (
				6E7D0CF81E19D9D1000CD74B /* Debug */,
				6E7D0CF91E19D9D1000CD74B /* Release */,
			);
			defaultConfigurationIsVisible = 0;
		};
/* End XCConfigurationList section */
	};
	rootObject = 6E7D0CC11E19D9D1000CD74B /* Project object */;
}
